uuid: 162895da-29f3-45c7-8b6e-3c906f0b57d3
langcode: fr
status: true
dependencies:
  module:
    - eventhub_core
    - system
  theme:
    - eventhub_theme
id: eventhub_theme_lasteventsblock
theme: eventhub_theme
region: content
weight: -2
provider: null
plugin: last_events_block
settings:
  id: last_events_block
  label: 'Les derniers événements'
  label_display: visible
  provider: eventhub_core
visibility:
  request_path:
    id: request_path
    negate: false
    pages: '<front>'
